
Microsoft Visual Studio Solution File, Format Version 12.00
# Visual Studio 15
VisualStudioVersion = 15.0.28307.329
MinimumVisualStudioVersion = 10.0.40219.1
Project("{FAE04EC0-301F-11D3-BF4B-00C04F79EFBC}") = "DunGen", "DunGen\DunGen.csproj", "{BB4EFD6E-E066-4FEF-9CA5-A15CB9DE46A9}"
EndProject
Global
	GlobalSection(SolutionConfigurationPlatforms) = preSolution
		Debug|Any CPU = Debug|Any CPU
		Release|Any CPU = Release|Any CPU
	EndGlobalSection
	GlobalSection(ProjectConfigurationPlatforms) = postSolution
		{BB4EFD6E-E066-4FEF-9CA5-A15CB9DE46A9}.Debug|Any CPU.ActiveCfg = Debug|Any CPU
		{BB4EFD6E-E066-4FEF-9CA5-A15CB9DE46A9}.Debug|Any CPU.Build.0 = Debug|Any CPU
		{BB4EFD6E-E066-4FEF-9CA5-A15CB9DE46A9}.Release|Any CPU.ActiveCfg = Release|Any CPU
		{BB4EFD6E-E066-4FEF-9CA5-A15CB9DE46A9}.Release|Any CPU.Build.0 = Release|Any CPU
	EndGlobalSection
	GlobalSection(SolutionProperties) = preSolution
		HideSolutionNode = FALSE
	EndGlobalSection
	GlobalSection(ExtensibilityGlobals) = postSolution
		SolutionGuid = {484D8421-9E20-4B88-9F8E-6E21FBA5EDE7}
	EndGlobalSection
EndGlobal
